{
    "requires": true,
    "lockfileVersion": 1,
    "dependencies": {
        "bootstrap": {
            "version": "3.4.1",
            "resolved": "https://registry.npmjs.org/bootstrap/-/bootstrap-3.4.1.tgz",
            "integrity": "sha512-yN5oZVmRCwe5aKwzRj6736nSmKDX7pLYwsXiCj/EYmo16hODaBiT4En5btW/jhBF/seV+XMx3aYwukYC3A49DA==",
            "dev": true
        },
        "jquery": {
            "version": "3.4.1",
            "resolved": "https://registry.npmjs.org/jquery/-/jquery-3.4.1.tgz",
            "integrity": "sha512-36+AdBzCL+y6qjw5Tx7HgzeGCzC81MDDgaUP8ld2zhx58HdqXGoBd+tHdrBMiyjGQs0Hxs/MLZTu/eHNJJuWPw==",
            "dev": true
        },
        "select2": {
            "version": "4.0.10",
            "resolved": "https://registry.npmjs.org/select2/-/select2-4.0.10.tgz",
            "integrity": "sha512-g9fWMdEif4eQ901eiJV3os0MG5y20/3E2WNy0PfYf0T6Q/zZB/NOroJwAxcfE6uv5x0/BGeCDGNtoj9PqCdQEg=="
        }
    }
}
